
Microsoft Visual Studio Solution File, Format Version 12.00
# Visual Studio Version 17
VisualStudioVersion = 17.5.33530.505
MinimumVisualStudioVersion = 10.0.40219.1
Project("{FAE04EC0-301F-11D3-BF4B-00C04F79EFBC}") = "OOP-Assignment1", "OOP-Assignment1\OOP-Assignment1.csproj", "{0F333AE5-069B-4BBF-AB82-3059C75CEEB8}"
EndProject
Global
	GlobalSection(SolutionConfigurationPlatforms) = preSolution
		Debug|Any CPU = Debug|Any CPU
		Release|Any CPU = Release|Any CPU
	EndGlobalSection
	GlobalSection(ProjectConfigurationPlatforms) = postSolution
		{0F333AE5-069B-4BBF-AB82-3059C75CEEB8}.Debug|Any CPU.ActiveCfg = Debug|Any CPU
		{0F333AE5-069B-4BBF-AB82-3059C75CEEB8}.Debug|Any CPU.Build.0 = Debug|Any CPU
		{0F333AE5-069B-4BBF-AB82-3059C75CEEB8}.Release|Any CPU.ActiveCfg = Release|Any CPU
		{0F333AE5-069B-4BBF-AB82-3059C75CEEB8}.Release|Any CPU.Build.0 = Release|Any CPU
	EndGlobalSection
	GlobalSection(SolutionProperties) = preSolution
		HideSolutionNode = FALSE
	EndGlobalSection
	GlobalSection(ExtensibilityGlobals) = postSolution
		SolutionGuid = {98F19F7C-D428-4374-BA93-46D76A43565D}
	EndGlobalSection
EndGlobal
